{
  "name": "zzqxck-portfolio",
  "version": "1.0.0",
  "lockfileVersion": 3,
  "requires": true,
  "packages": {
    "": {
      "name": "zzqxck-portfolio",
      "version": "1.0.0",
      "devDependencies": {
        "gsap": "3.12.5",
        "lenis": "1.1.14",
        "three": "0.169.0"
      }
    },
    "node_modules/@darkroom.engineering/tempus": {
      "version": "0.0.46",
      "resolved": "https://registry.npmjs.org/@darkroom.engineering/tempus/-/tempus-0.0.46.tgz",
      "integrity": "sha512-s5vav3KMHYezvUCl4ee5epg0oimF6M8C9gAaKxFnFaTvX2q3ywFDryIv6XLd0mRFUt3S1uHDJqKaiEcs2ZVSvw==",
      "deprecated": "The '@darkroom.engineering/tempus' package has been renamed to 'tempus'. Please update your dependencies: npm install tempus and visit the documentation: https://www.npmjs.com/package/tempus",
      "dev": true,
      "license": "MIT"
    },
    "node_modules/gsap": {
      "version": "3.12.5",
      "resolved": "https://registry.npmjs.org/gsap/-/gsap-3.12.5.tgz",
      "integrity": "sha512-srBfnk4n+Oe/ZnMIOXt3gT605BX9x5+rh/prT2F1SsNJsU1XuMiP0E2aptW481OnonOGACZWBqseH5Z7csHxhQ==",
      "dev": true,
      "license": "Standard 'no charge' license: https://gsap.com/standard-license. Club GSAP members get more: https://gsap.com/licensing/. Why GreenSock doesn't employ an MIT license: https://gsap.com/why-license/"
    },
    "node_modules/lenis": {
      "version": "1.1.14",
      "resolved": "https://registry.npmjs.org/lenis/-/lenis-1.1.14.tgz",
      "integrity": "sha512-dzIeiOCdBL/7Tjh6jU8iN5j1uu5R3PIQwRYipS4C8POPyTH1pHyux3HDyvcGuLqNNsEztZjkmwfPii2cPLXBbg==",
      "dev": true,
      "license": "MIT",
      "dependencies": {
        "@darkroom.engineering/tempus": "^0.0.46"
      },
      "funding": {
        "type": "github",
        "url": "https://github.com/sponsors/darkroomengineering"
      },
      "peerDependencies": {
        "react": ">=17.0.0",
        "vue": ">=3.0.0"
      },
      "peerDependenciesMeta": {
        "react": {
          "optional": true
        },
        "vue": {
          "optional": true
        }
      }
    },
    "node_modules/three": {
      "version": "0.169.0",
      "resolved": "https://registry.npmjs.org/three/-/three-0.169.0.tgz",
      "integrity": "sha512-Ed906MA3dR4TS5riErd4QBsRGPcx+HBDX2O5yYE5GqJeFQTPU+M56Va/f/Oph9X7uZo3W3o4l2ZhBZ6f6qUv0w==",
      "dev": true,
      "license": "MIT"
    }
  }
}
